
Microsoft Visual Studio Solution File, Format Version 12.00
Project("{FAE04EC0-301F-11D3-BF4B-00C04F79EFBC}") = "ParseFileWithSort", "ParseFileWithSort\ParseFileWithSort.csproj", "{C0ABFCDA-A85D-403C-AC7F-FD3643009B31}"
EndProject
Project("{FAE04EC0-301F-11D3-BF4B-00C04F79EFBC}") = "ParseFileWithSortTests", "ParseFileWithSortTests\ParseFileWithSortTests.csproj", "{43F43717-DE16-4A9B-AE53-0408CD128558}"
EndProject
Global
	GlobalSection(SolutionConfigurationPlatforms) = preSolution
		Debug|Any CPU = Debug|Any CPU
		Release|Any CPU = Release|Any CPU
	EndGlobalSection
	GlobalSection(ProjectConfigurationPlatforms) = postSolution
		{C0ABFCDA-A85D-403C-AC7F-FD3643009B31}.Debug|Any CPU.ActiveCfg = Debug|Any CPU
		{C0ABFCDA-A85D-403C-AC7F-FD3643009B31}.Debug|Any CPU.Build.0 = Debug|Any CPU
		{C0ABFCDA-A85D-403C-AC7F-FD3643009B31}.Release|Any CPU.ActiveCfg = Release|Any CPU
		{C0ABFCDA-A85D-403C-AC7F-FD3643009B31}.Release|Any CPU.Build.0 = Release|Any CPU
		{43F43717-DE16-4A9B-AE53-0408CD128558}.Debug|Any CPU.ActiveCfg = Debug|Any CPU
		{43F43717-DE16-4A9B-AE53-0408CD128558}.Debug|Any CPU.Build.0 = Debug|Any CPU
		{43F43717-DE16-4A9B-AE53-0408CD128558}.Release|Any CPU.ActiveCfg = Release|Any CPU
		{43F43717-DE16-4A9B-AE53-0408CD128558}.Release|Any CPU.Build.0 = Release|Any CPU
	EndGlobalSection
EndGlobal
